github.com/gomarkdown/markdown v0.0.0-20241205020045-f7e15b2f3e62 h1:pbAFUZisjG4s6sxvRJvf2N7vhpCvx2Oxb3PmS6pDO1g=
github.com/gomarkdown/markdown v0.0.0-20241205020045-f7e15b2f3e62/go.mod h1:JDGcbDT52eL4fju3sZ4TeHGsQwhG9nbDV21aMyhwPoA=
gopkg.in/ini.v1 v1.67.0 h1:Dgnx+6+nfE+IfzjUEISNeydPJh9AXNNsWbGP9KzCsOA=
gopkg.in/ini.v1 v1.67.0/go.mod h1:pNLf8WUiyNEtQjuu5G5vTm06TEv9tsIgeAvK8hOrP4k=
